{
    "name": "@canes/mfe-app-core-example",
    "version": "0.0.0",
    "lockfileVersion": 3,
    "requires": true,
    "packages": {
        "": {
            "name": "@canes/mfe-app-core-example",
            "version": "0.0.0",
            "dependencies": {
                "@canes/mfe-app-core": "file:..",
                "@types/react": "^18.3.12",
                "@types/react-dom": "^18.3.1",
                "@types/react-router-dom": "^5.3.3",
                "axios": "^0.27.2",
                "clsx": "^1.1.1",
                "react": "file:../node_modules/react",
                "react-dom": "file:../node_modules/react-dom",
                "react-router-dom": "file:../node_modules/react-router-dom",
                "react-scripts": "file:../node_modules/react-scripts"
            }
        },
        "..": {
            "name": "@canes/mfe-app-core",
            "version": "1.0.0",
            "license": "MIT",
            "devDependencies": {
                "@ant-design/icons": "*",
                "@rollup/plugin-image": "^3.0.3",
                "@types/antd": "*",
                "@types/moment": "*",
                "@types/react-router-dom": "*",
                "@types/styled-components": "*",
                "antd": "*",
                "axios": "*",
                "moment": "*",
                "react-router-dom": "*",
                "rollup": "^2.79.2",
                "rollup-plugin-delete": "^2.1.0",
                "rollup-plugin-typescript2": "^0.36.0",
                "styled-components": "*",
                "typescript": "^4.9.5"
            },
            "peerDependencies": {
                "@ant-design/icons": "^5.5.1",
                "@types/antd": "^0.12.32",
                "@types/moment": "^2.11.29",
                "@types/react-router-dom": "^5.3.3",
                "@types/styled-components": "^5.1.34",
                "antd": "^5.22.1",
                "axios": "^1.7.7",
                "moment": "^2.30.1",
                "react-router-dom": "^6.28.0",
                "styled-components": "^6.1.13"
            }
        },
        "../node_modules/react": {
            "version": "18.3.1",
            "license": "MIT",
            "dependencies": {
                "loose-envify": "^1.1.0"
            },
            "engines": {
                "node": ">=0.10.0"
            }
        },
        "../node_modules/react-dom": {
            "version": "18.3.1",
            "license": "MIT",
            "dependencies": {
                "loose-envify": "^1.1.0",
                "scheduler": "^0.23.2"
            },
            "peerDependencies": {
                "react": "^18.3.1"
            }
        },
        "../node_modules/react-router-dom": {
            "version": "6.28.0",
            "license": "MIT",
            "dependencies": {
                "@remix-run/router": "1.21.0",
                "react-router": "6.28.0"
            },
            "engines": {
                "node": ">=14.0.0"
            },
            "peerDependencies": {
                "react": ">=16.8",
                "react-dom": ">=16.8"
            }
        },
        "../node_modules/react-scripts": {},
        "node_modules/@canes/mfe-app-core": {
            "resolved": "..",
            "link": true
        },
        "node_modules/@types/history": {
            "version": "4.7.11",
            "resolved": "https://registry.npmjs.org/@types/history/-/history-4.7.11.tgz",
            "integrity": "sha512-qjDJRrmvBMiTx+jyLxvLfJU7UznFuokDv4f3WRuriHKERccVpFU+8XMQUAbDzoiJCsmexxRExQeMwwCdamSKDA==",
            "license": "MIT"
        },
        "node_modules/@types/prop-types": {
            "version": "15.7.13",
            "resolved": "https://registry.npmjs.org/@types/prop-types/-/prop-types-15.7.13.tgz",
            "integrity": "sha512-hCZTSvwbzWGvhqxp/RqVqwU999pBf2vp7hzIjiYOsl8wqOmUxkQ6ddw1cV3l8811+kdUFus/q4d1Y3E3SyEifA==",
            "license": "MIT"
        },
        "node_modules/@types/react": {
            "version": "18.3.12",
            "resolved": "https://registry.npmjs.org/@types/react/-/react-18.3.12.tgz",
            "integrity": "sha512-D2wOSq/d6Agt28q7rSI3jhU7G6aiuzljDGZ2hTZHIkrTLUI+AF3WMeKkEZ9nN2fkBAlcktT6vcZjDFiIhMYEQw==",
            "license": "MIT",
            "dependencies": {
                "@types/prop-types": "*",
                "csstype": "^3.0.2"
            }
        },
        "node_modules/@types/react-dom": {
            "version": "18.3.1",
            "resolved": "https://registry.npmjs.org/@types/react-dom/-/react-dom-18.3.1.tgz",
            "integrity": "sha512-qW1Mfv8taImTthu4KoXgDfLuk4bydU6Q/TkADnDWWHwi4NX4BR+LWfTp2sVmTqRrsHvyDDTelgelxJ+SsejKKQ==",
            "license": "MIT",
            "dependencies": {
                "@types/react": "*"
            }
        },
        "node_modules/@types/react-router": {
            "version": "5.1.20",
            "resolved": "https://registry.npmjs.org/@types/react-router/-/react-router-5.1.20.tgz",
            "integrity": "sha512-jGjmu/ZqS7FjSH6owMcD5qpq19+1RS9DeVRqfl1FeBMxTDQAGwlMWOcs52NDoXaNKyG3d1cYQFMs9rCrb88o9Q==",
            "license": "MIT",
            "dependencies": {
                "@types/history": "^4.7.11",
                "@types/react": "*"
            }
        },
        "node_modules/@types/react-router-dom": {
            "version": "5.3.3",
            "resolved": "https://registry.npmjs.org/@types/react-router-dom/-/react-router-dom-5.3.3.tgz",
            "integrity": "sha512-kpqnYK4wcdm5UaWI3fLcELopqLrHgLqNsdpHauzlQktfkHL3npOSwtj1Uz9oKBAzs7lFtVkV8j83voAz2D8fhw==",
            "license": "MIT",
            "dependencies": {
                "@types/history": "^4.7.11",
                "@types/react": "*",
                "@types/react-router": "*"
            }
        },
        "node_modules/asynckit": {
            "version": "0.4.0",
            "resolved": "https://registry.npmjs.org/asynckit/-/asynckit-0.4.0.tgz",
            "integrity": "sha512-Oei9OH4tRh0YqU3GxhX79dM/mwVgvbZJaSNaRk+bshkj0S5cfHcgYakreBjrHwatXKbz+IoIdYLxrKim2MjW0Q==",
            "license": "MIT"
        },
        "node_modules/axios": {
            "version": "0.27.2",
            "resolved": "https://registry.npmjs.org/axios/-/axios-0.27.2.tgz",
            "integrity": "sha512-t+yRIyySRTp/wua5xEr+z1q60QmLq8ABsS5O9Me1AsE5dfKqgnCFzwiCZZ/cGNd1lq4/7akDWMxdhVlucjmnOQ==",
            "license": "MIT",
            "dependencies": {
                "follow-redirects": "^1.14.9",
                "form-data": "^4.0.0"
            }
        },
        "node_modules/clsx": {
            "version": "1.2.1",
            "resolved": "https://registry.npmjs.org/clsx/-/clsx-1.2.1.tgz",
            "integrity": "sha512-EcR6r5a8bj6pu3ycsa/E/cKVGuTgZJZdsyUYHOksG/UHIiKfjxzRxYJpyVBwYaQeOvghal9fcc4PidlgzugAQg==",
            "license": "MIT",
            "engines": {
                "node": ">=6"
            }
        },
        "node_modules/combined-stream": {
            "version": "1.0.8",
            "resolved": "https://registry.npmjs.org/combined-stream/-/combined-stream-1.0.8.tgz",
            "integrity": "sha512-FQN4MRfuJeHf7cBbBMJFXhKSDq+2kAArBlmRBvcvFE5BB1HZKXtSFASDhdlz9zOYwxh8lDdnvmMOe/+5cdoEdg==",
            "license": "MIT",
            "dependencies": {
                "delayed-stream": "~1.0.0"
            },
            "engines": {
                "node": ">= 0.8"
            }
        },
        "node_modules/csstype": {
            "version": "3.1.3",
            "resolved": "https://registry.npmjs.org/csstype/-/csstype-3.1.3.tgz",
            "integrity": "sha512-M1uQkMl8rQK/szD0LNhtqxIPLpimGm8sOBwU7lLnCpSbTyY3yeU1Vc7l4KT5zT4s/yOxHH5O7tIuuLOCnLADRw==",
            "license": "MIT"
        },
        "node_modules/delayed-stream": {
            "version": "1.0.0",
            "resolved": "https://registry.npmjs.org/delayed-stream/-/delayed-stream-1.0.0.tgz",
            "integrity": "sha512-ZySD7Nf91aLB0RxL4KGrKHBXl7Eds1DAmEdcoVawXnLD7SDhpNgtuII2aAkg7a7QS41jxPSZ17p4VdGnMHk3MQ==",
            "license": "MIT",
            "engines": {
                "node": ">=0.4.0"
            }
        },
        "node_modules/follow-redirects": {
            "version": "1.15.9",
            "resolved": "https://registry.npmjs.org/follow-redirects/-/follow-redirects-1.15.9.tgz",
            "integrity": "sha512-gew4GsXizNgdoRyqmyfMHyAmXsZDk6mHkSxZFCzW9gwlbtOW44CDtYavM+y+72qD/Vq2l550kMF52DT8fOLJqQ==",
            "funding": [
                {
                    "type": "individual",
                    "url": "https://github.com/sponsors/RubenVerborgh"
                }
            ],
            "license": "MIT",
            "engines": {
                "node": ">=4.0"
            },
            "peerDependenciesMeta": {
                "debug": {
                    "optional": true
                }
            }
        },
        "node_modules/form-data": {
            "version": "4.0.1",
            "resolved": "https://registry.npmjs.org/form-data/-/form-data-4.0.1.tgz",
            "integrity": "sha512-tzN8e4TX8+kkxGPK8D5u0FNmjPUjw3lwC9lSLxxoB/+GtsJG91CO8bSWy73APlgAZzZbXEYZJuxjkHH2w+Ezhw==",
            "license": "MIT",
            "dependencies": {
                "asynckit": "^0.4.0",
                "combined-stream": "^1.0.8",
                "mime-types": "^2.1.12"
            },
            "engines": {
                "node": ">= 6"
            }
        },
        "node_modules/mime-db": {
            "version": "1.52.0",
            "resolved": "https://registry.npmjs.org/mime-db/-/mime-db-1.52.0.tgz",
            "integrity": "sha512-sPU4uV7dYlvtWJxwwxHD0PuihVNiE7TyAbQ5SWxDCB9mUYvOgroQOwYQQOKPJ8CIbE+1ETVlOoK1UC2nU3gYvg==",
            "license": "MIT",
            "engines": {
                "node": ">= 0.6"
            }
        },
        "node_modules/mime-types": {
            "version": "2.1.35",
            "resolved": "https://registry.npmjs.org/mime-types/-/mime-types-2.1.35.tgz",
            "integrity": "sha512-ZDY+bPm5zTTF+YpCrAU9nK0UgICYPT0QtT1NZWFv4s++TNkcgVaT0g6+4R2uI4MjQjzysHB1zxuWL50hzaeXiw==",
            "license": "MIT",
            "dependencies": {
                "mime-db": "1.52.0"
            },
            "engines": {
                "node": ">= 0.6"
            }
        },
        "node_modules/react": {
            "resolved": "../node_modules/react",
            "link": true
        },
        "node_modules/react-dom": {
            "resolved": "../node_modules/react-dom",
            "link": true
        },
        "node_modules/react-router-dom": {
            "resolved": "../node_modules/react-router-dom",
            "link": true
        },
        "node_modules/react-scripts": {
            "resolved": "../node_modules/react-scripts",
            "link": true
        }
    }
}
